// !$*UTF8*$!
{
	archiveVersion = 1;
	classes = {
	};
	objectVersion = 46;
	objects = {

/* Begin PBXBuildFile section */
		D0E008201C59F0BE007EE9FE /* main.m in Sources */ = {isa = PBXBuildFile; fileRef = D0E0081F1C59F0BE007EE9FE /* main.m */; };
		D0E008231C59F0BE007EE9FE /* AppDelegate.m in Sources */ = {isa = PBXBuildFile; fileRef = D0E008221C59F0BE007EE9FE /* AppDelegate.m */; };
		D0E008291C59F0BE007EE9FE /* Main.storyboard in Resources */ = {isa = PBXBuildFile; fileRef = D0E008271C59F0BE007EE9FE /* Main.storyboard */; };
		D0E0082B1C59F0BE007EE9FE /* Images.xcassets in Resources */ = {isa = PBXBuildFile; fileRef = D0E0082A1C59F0BE007EE9FE /* Images.xcassets */; };
		D0E0082E1C59F0BE007EE9FE /* LaunchScreen.storyboard in Resources */ = {isa = PBXBuildFile; fileRef = D0E0082C1C59F0BE007EE9FE /* LaunchScreen.storyboard */; };
		D0E008391C59F0BE007EE9FE /* FantasyFoliosSettingsDemoTests.m in Sources */ = {isa = PBXBuildFile; fileRef = D0E008381C59F0BE007EE9FE /* FantasyFoliosSettingsDemoTests.m */; };
		D0E008441C59F0BE007EE9FE /* FantasyFoliosSettingsDemoUITests.m in Sources */ = {isa = PBXBuildFile; fileRef = D0E008431C59F0BE007EE9FE /* FantasyFoliosSettingsDemoUITests.m */; };
		D0E008531C5A0D54007EE9FE /* FFAccountHomeViewController.m in Sources */ = {isa = PBXBuildFile; fileRef = D0E008521C5A0D54007EE9FE /* FFAccountHomeViewController.m */; };
		D0E0085A1C5A25F8007EE9FE /* CustomHeaderView.xib in Resources */ = {isa = PBXBuildFile; fileRef = D0E008591C5A25F8007EE9FE /* CustomHeaderView.xib */; };
		D0E0085F1C5A2A98007EE9FE /* UserDetailsCell.m in Sources */ = {isa = PBXBuildFile; fileRef = D0E0085D1C5A2A98007EE9FE /* UserDetailsCell.m */; };
		D0E008601C5A2A98007EE9FE /* UserDetailsCell.xib in Resources */ = {isa = PBXBuildFile; fileRef = D0E0085E1C5A2A98007EE9FE /* UserDetailsCell.xib */; };
		D0E008641C5A44D8007EE9FE /* UserEarningsCell.m in Sources */ = {isa = PBXBuildFile; fileRef = D0E008621C5A44D8007EE9FE /* UserEarningsCell.m */; };
		D0E008651C5A44D8007EE9FE /* UserEarningsCell.xib in Resources */ = {isa = PBXBuildFile; fileRef = D0E008631C5A44D8007EE9FE /* UserEarningsCell.xib */; };
/* End PBXBuildFile section */

/* Begin PBXContainerItemProxy section */
		D0E008351C59F0BE007EE9FE /* PBXContainerItemProxy */ = {
			isa = PBXContainerItemProxy;
			containerPortal = D0E008131C59F0BE007EE9FE /* Project object */;
			proxyType = 1;
			remoteGlobalIDString = D0E0081A1C59F0BE007EE9FE;
			remoteInfo = FantasyFoliosSettingsDemo;
		};
		D0E008401C59F0BE007EE9FE /* PBXContainerItemProxy */ = {
			isa = PBXContainerItemProxy;
			containerPortal = D0E008131C59F0BE007EE9FE /* Project object */;
			proxyType = 1;
			remoteGlobalIDString = D0E0081A1C59F0BE007EE9FE;
			remoteInfo = FantasyFoliosSettingsDemo;
		};
/* End PBXContainerItemProxy section */

/* Begin PBXFileReference section */
		D0E0081B1C59F0BE007EE9FE /* FantasyFoliosSettingsDemo.app */ = {isa = PBXFileReference; explicitFileType = wrapper.application; includeInIndex = 0; path = FantasyFoliosSettingsDemo.app; sourceTree = BUILT_PRODUCTS_DIR; };
		D0E0081F1C59F0BE007EE9FE /* main.m */ = {isa = PBXFileReference; lastKnownFileType = sourcecode.c.objc; path = main.m; sourceTree = "<group>"; };
		D0E008211C59F0BE007EE9FE /* AppDelegate.h */ = {isa = PBXFileReference; lastKnownFileType = sourcecode.c.h; path = AppDelegate.h; sourceTree = "<group>"; };
		D0E008221C59F0BE007EE9FE /* AppDelegate.m */ = {isa = PBXFileReference; lastKnownFileType = sourcecode.c.objc; path = AppDelegate.m; sourceTree = "<group>"; };
		D0E008281C59F0BE007EE9FE /* Base */ = {isa = PBXFileReference; lastKnownFileType = file.storyboard; name = Base; path = Base.lproj/Main.storyboard; sourceTree = "<group>"; };
		D0E0082A1C59F0BE007EE9FE /* Images.xcassets */ = {isa = PBXFileReference; lastKnownFileType = folder.assetcatalog; path = Images.xcassets; sourceTree = "<group>"; };
		D0E0082D1C59F0BE007EE9FE /* Base */ = {isa = PBXFileReference; lastKnownFileType = file.storyboard; name = Base; path = Base.lproj/LaunchScreen.storyboard; sourceTree = "<group>"; };
		D0E0082F1C59F0BE007EE9FE /* Info.plist */ = {isa = PBXFileReference; lastKnownFileType = text.plist.xml; path = Info.plist; sourceTree = "<group>"; };
		D0E008341C59F0BE007EE9FE /* FantasyFoliosSettingsDemoTests.xctest */ = {isa = PBXFileReference; explicitFileType = wrapper.cfbundle; includeInIndex = 0; path = FantasyFoliosSettingsDemoTests.xctest; sourceTree = BUILT_PRODUCTS_DIR; };
		D0E008381C59F0BE007EE9FE /* FantasyFoliosSettingsDemoTests.m */ = {isa = PBXFileReference; lastKnownFileType = sourcecode.c.objc; path = FantasyFoliosSettingsDemoTests.m; sourceTree = "<group>"; };
		D0E0083A1C59F0BE007EE9FE /* Info.plist */ = {isa = PBXFileReference; lastKnownFileType = text.plist.xml; path = Info.plist; sourceTree = "<group>"; };
		D0E0083F1C59F0BE007EE9FE /* FantasyFoliosSettingsDemoUITests.xctest */ = {isa = PBXFileReference; explicitFileType = wrapper.cfbundle; includeInIndex = 0; path = FantasyFoliosSettingsDemoUITests.xctest; sourceTree = BUILT_PRODUCTS_DIR; };
		D0E008431C59F0BE007EE9FE /* FantasyFoliosSettingsDemoUITests.m */ = {isa = PBXFileReference; lastKnownFileType = sourcecode.c.objc; path = FantasyFoliosSettingsDemoUITests.m; sourceTree = "<group>"; };
		D0E008451C59F0BE007EE9FE /* Info.plist */ = {isa = PBXFileReference; lastKnownFileType = text.plist.xml; path = Info.plist; sourceTree = "<group>"; };
		D0E008511C5A0D54007EE9FE /* FFAccountHomeViewController.h */ = {isa = PBXFileReference; fileEncoding = 4; lastKnownFileType = sourcecode.c.h; name = FFAccountHomeViewController.h; path = ../FFAccountHomeViewController.h; sourceTree = "<group>"; };
		D0E008521C5A0D54007EE9FE /* FFAccountHomeViewController.m */ = {isa = PBXFileReference; fileEncoding = 4; lastKnownFileType = sourcecode.c.objc; name = FFAccountHomeViewController.m; path = ../FFAccountHomeViewController.m; sourceTree = "<group>"; };
		D0E008591C5A25F8007EE9FE /* CustomHeaderView.xib */ = {isa = PBXFileReference; fileEncoding = 4; lastKnownFileType = file.xib; path = CustomHeaderView.xib; sourceTree = "<group>"; };
		D0E0085C1C5A2A98007EE9FE /* UserDetailsCell.h */ = {isa = PBXFileReference; fileEncoding = 4; lastKnownFileType = sourcecode.c.h; path = UserDetailsCell.h; sourceTree = "<group>"; };
		D0E0085D1C5A2A98007EE9FE /* UserDetailsCell.m */ = {isa = PBXFileReference; fileEncoding = 4; lastKnownFileType = sourcecode.c.objc; path = UserDetailsCell.m; sourceTree = "<group>"; };
		D0E0085E1C5A2A98007EE9FE /* UserDetailsCell.xib */ = {isa = PBXFileReference; fileEncoding = 4; lastKnownFileType = file.xib; path = UserDetailsCell.xib; sourceTree = "<group>"; };
		D0E008611C5A44D8007EE9FE /* UserEarningsCell.h */ = {isa = PBXFileReference; fileEncoding = 4; lastKnownFileType = sourcecode.c.h; name = UserEarningsCell.h; path = Views/UserEarningsCell.h; sourceTree = "<group>"; };
		D0E008621C5A44D8007EE9FE /* UserEarningsCell.m */ = {isa = PBXFileReference; fileEncoding = 4; lastKnownFileType = sourcecode.c.objc; name = UserEarningsCell.m; path = Views/UserEarningsCell.m; sourceTree = "<group>"; };
		D0E008631C5A44D8007EE9FE /* UserEarningsCell.xib */ = {isa = PBXFileReference; fileEncoding = 4; lastKnownFileType = file.xib; name = UserEarningsCell.xib; path = Views/UserEarningsCell.xib; sourceTree = "<group>"; };
/* End PBXFileReference section */

/* Begin PBXFrameworksBuildPhase section */
		D0E008181C59F0BE007EE9FE /* Frameworks */ = {
			isa = PBXFrameworksBuildPhase;
			buildActionMask = 2147483647;
			files = (
			);
			runOnlyForDeploymentPostprocessing = 0;
		};
		D0E008311C59F0BE007EE9FE /* Frameworks */ = {
			isa = PBXFrameworksBuildPhase;
			buildActionMask = 2147483647;
			files = (
			);
			runOnlyForDeploymentPostprocessing = 0;
		};
		D0E0083C1C59F0BE007EE9FE /* Frameworks */ = {
			isa = PBXFrameworksBuildPhase;
			buildActionMask = 2147483647;
			files = (
			);
			runOnlyForDeploymentPostprocessing = 0;
		};
/* End PBXFrameworksBuildPhase section */

/* Begin PBXGroup section */
		D0E008121C59F0BE007EE9FE = {
			isa = PBXGroup;
			children = (
				D0E0081D1C59F0BE007EE9FE /* FantasyFoliosSettingsDemo */,
				D0E008371C59F0BE007EE9FE /* FantasyFoliosSettingsDemoTests */,
				D0E008421C59F0BE007EE9FE /* FantasyFoliosSettingsDemoUITests */,
				D0E0081C1C59F0BE007EE9FE /* Products */,
			);
			sourceTree = "<group>";
		};
		D0E0081C1C59F0BE007EE9FE /* Products */ = {
			isa = PBXGroup;
			children = (
				D0E0081B1C59F0BE007EE9FE /* FantasyFoliosSettingsDemo.app */,
				D0E008341C59F0BE007EE9FE /* FantasyFoliosSettingsDemoTests.xctest */,
				D0E0083F1C59F0BE007EE9FE /* FantasyFoliosSettingsDemoUITests.xctest */,
			);
			name = Products;
			sourceTree = "<group>";
		};
		D0E0081D1C59F0BE007EE9FE /* FantasyFoliosSettingsDemo */ = {
			isa = PBXGroup;
			children = (
				D0E0085B1C5A2A5A007EE9FE /* Views */,
				D0E008511C5A0D54007EE9FE /* FFAccountHomeViewController.h */,
				D0E008521C5A0D54007EE9FE /* FFAccountHomeViewController.m */,
				D0E008211C59F0BE007EE9FE /* AppDelegate.h */,
				D0E008221C59F0BE007EE9FE /* AppDelegate.m */,
				D0E008271C59F0BE007EE9FE /* Main.storyboard */,
				D0E0082A1C59F0BE007EE9FE /* Images.xcassets */,
				D0E0082C1C59F0BE007EE9FE /* LaunchScreen.storyboard */,
				D0E0082F1C59F0BE007EE9FE /* Info.plist */,
				D0E0081E1C59F0BE007EE9FE /* Supporting Files */,
			);
			path = FantasyFoliosSettingsDemo;
			sourceTree = "<group>";
		};
		D0E0081E1C59F0BE007EE9FE /* Supporting Files */ = {
			isa = PBXGroup;
			children = (
				D0E0081F1C59F0BE007EE9FE /* main.m */,
			);
			name = "Supporting Files";
			sourceTree = "<group>";
		};
		D0E008371C59F0BE007EE9FE /* FantasyFoliosSettingsDemoTests */ = {
			isa = PBXGroup;
			children = (
				D0E008381C59F0BE007EE9FE /* FantasyFoliosSettingsDemoTests.m */,
				D0E0083A1C59F0BE007EE9FE /* Info.plist */,
			);
			path = FantasyFoliosSettingsDemoTests;
			sourceTree = "<group>";
		};
		D0E008421C59F0BE007EE9FE /* FantasyFoliosSettingsDemoUITests */ = {
			isa = PBXGroup;
			children = (
				D0E008431C59F0BE007EE9FE /* FantasyFoliosSettingsDemoUITests.m */,
				D0E008451C59F0BE007EE9FE /* Info.plist */,
			);
			path = FantasyFoliosSettingsDemoUITests;
			sourceTree = "<group>";
		};
		D0E0085B1C5A2A5A007EE9FE /* Views */ = {
			isa = PBXGroup;
			children = (
				D0E008591C5A25F8007EE9FE /* CustomHeaderView.xib */,
				D0E0085C1C5A2A98007EE9FE /* UserDetailsCell.h */,
				D0E0085D1C5A2A98007EE9FE /* UserDetailsCell.m */,
				D0E0085E1C5A2A98007EE9FE /* UserDetailsCell.xib */,
				D0E008611C5A44D8007EE9FE /* UserEarningsCell.h */,
				D0E008621C5A44D8007EE9FE /* UserEarningsCell.m */,
				D0E008631C5A44D8007EE9FE /* UserEarningsCell.xib */,
			);
			name = Views;
			sourceTree = "<group>";
		};
/* End PBXGroup section */

/* Begin PBXNativeTarget section */
		D0E0081A1C59F0BE007EE9FE /* FantasyFoliosSettingsDemo */ = {
			isa = PBXNativeTarget;
			buildConfigurationList = D0E008481C59F0BE007EE9FE /* Build configuration list for PBXNativeTarget "FantasyFoliosSettingsDemo" */;
			buildPhases = (
				D0E008171C59F0BE007EE9FE /* Sources */,
				D0E008181C59F0BE007EE9FE /* Frameworks */,
				D0E008191C59F0BE007EE9FE /* Resources */,
			);
			buildRules = (
			);
			dependencies = (
			);
			name = FantasyFoliosSettingsDemo;
			productName = FantasyFoliosSettingsDemo;
			productReference = D0E0081B1C59F0BE007EE9FE /* FantasyFoliosSettingsDemo.app */;
			productType = "com.apple.product-type.application";
		};
		D0E008331C59F0BE007EE9FE /* FantasyFoliosSettingsDemoTests */ = {
			isa = PBXNativeTarget;
			buildConfigurationList = D0E0084B1C59F0BE007EE9FE /* Build configuration list for PBXNativeTarget "FantasyFoliosSettingsDemoTests" */;
			buildPhases = (
				D0E008301C59F0BE007EE9FE /* Sources */,
				D0E008311C59F0BE007EE9FE /* Frameworks */,
				D0E008321C59F0BE007EE9FE /* Resources */,
			);
			buildRules = (
			);
			dependencies = (
				D0E008361C59F0BE007EE9FE /* PBXTargetDependency */,
			);
			name = FantasyFoliosSettingsDemoTests;
			productName = FantasyFoliosSettingsDemoTests;
			productReference = D0E008341C59F0BE007EE9FE /* FantasyFoliosSettingsDemoTests.xctest */;
			productType = "com.apple.product-type.bundle.unit-test";
		};
		D0E0083E1C59F0BE007EE9FE /* FantasyFoliosSettingsDemoUITests */ = {
			isa = PBXNativeTarget;
			buildConfigurationList = D0E0084E1C59F0BE007EE9FE /* Build configuration list for PBXNativeTarget "FantasyFoliosSettingsDemoUITests" */;
			buildPhases = (
				D0E0083B1C59F0BE007EE9FE /* Sources */,
				D0E0083C1C59F0BE007EE9FE /* Frameworks */,
				D0E0083D1C59F0BE007EE9FE /* Resources */,
			);
			buildRules = (
			);
			dependencies = (
				D0E008411C59F0BE007EE9FE /* PBXTargetDependency */,
			);
			name = FantasyFoliosSettingsDemoUITests;
			productName = FantasyFoliosSettingsDemoUITests;
			productReference = D0E0083F1C59F0BE007EE9FE /* FantasyFoliosSettingsDemoUITests.xctest */;
			productType = "com.apple.product-type.bundle.ui-testing";
		};
/* End PBXNativeTarget section */

/* Begin PBXProject section */
		D0E008131C59F0BE007EE9FE /* Project object */ = {
			isa = PBXProject;
			attributes = {
				LastUpgradeCheck = 0720;
				ORGANIZATIONNAME = Sourcebits;
				TargetAttributes = {
					D0E0081A1C59F0BE007EE9FE = {
						CreatedOnToolsVersion = 7.2;
					};
					D0E008331C59F0BE007EE9FE = {
						CreatedOnToolsVersion = 7.2;
						TestTargetID = D0E0081A1C59F0BE007EE9FE;
					};
					D0E0083E1C59F0BE007EE9FE = {
						CreatedOnToolsVersion = 7.2;
						TestTargetID = D0E0081A1C59F0BE007EE9FE;
					};
				};
			};
			buildConfigurationList = D0E008161C59F0BE007EE9FE /* Build configuration list for PBXProject "FantasyFoliosSettingsDemo" */;
			compatibilityVersion = "Xcode 3.2";
			developmentRegion = English;
			hasScannedForEncodings = 0;
			knownRegions = (
				en,
				Base,
			);
			mainGroup = D0E008121C59F0BE007EE9FE;
			productRefGroup = D0E0081C1C59F0BE007EE9FE /* Products */;
			projectDirPath = "";
			projectRoot = "";
			targets = (
				D0E0081A1C59F0BE007EE9FE /* FantasyFoliosSettingsDemo */,
				D0E008331C59F0BE007EE9FE /* FantasyFoliosSettingsDemoTests */,
				D0E0083E1C59F0BE007EE9FE /* FantasyFoliosSettingsDemoUITests */,
			);
		};
/* End PBXProject section */

/* Begin PBXResourcesBuildPhase section */
		D0E008191C59F0BE007EE9FE /* Resources */ = {
			isa = PBXResourcesBuildPhase;
			buildActionMask = 2147483647;
			files = (
				D0E0085A1C5A25F8007EE9FE /* CustomHeaderView.xib in Resources */,
				D0E008601C5A2A98007EE9FE /* UserDetailsCell.xib in Resources */,
				D0E0082E1C59F0BE007EE9FE /* LaunchScreen.storyboard in Resources */,
				D0E008651C5A44D8007EE9FE /* UserEarningsCell.xib in Resources */,
				D0E0082B1C59F0BE007EE9FE /* Images.xcassets in Resources */,
				D0E008291C59F0BE007EE9FE /* Main.storyboard in Resources */,
			);
			runOnlyForDeploymentPostprocessing = 0;
		};
		D0E008321C59F0BE007EE9FE /* Resources */ = {
			isa = PBXResourcesBuildPhase;
			buildActionMask = 2147483647;
			files = (
			);
			runOnlyForDeploymentPostprocessing = 0;
		};
		D0E0083D1C59F0BE007EE9FE /* Resources */ = {
			isa = PBXResourcesBuildPhase;
			buildActionMask = 2147483647;
			files = (
			);
			runOnlyForDeploymentPostprocessing = 0;
		};
/* End PBXResourcesBuildPhase section */

/* Begin PBXSourcesBuildPhase section */
		D0E008171C59F0BE007EE9FE /* Sources */ = {
			isa = PBXSourcesBuildPhase;
			buildActionMask = 2147483647;
			files = (
				D0E008231C59F0BE007EE9FE /* AppDelegate.m in Sources */,
				D0E008641C5A44D8007EE9FE /* UserEarningsCell.m in Sources */,
				D0E0085F1C5A2A98007EE9FE /* UserDetailsCell.m in Sources */,
				D0E008531C5A0D54007EE9FE /* FFAccountHomeViewController.m in Sources */,
				D0E008201C59F0BE007EE9FE /* main.m in Sources */,
			);
			runOnlyForDeploymentPostprocessing = 0;
		};
		D0E008301C59F0BE007EE9FE /* Sources */ = {
			isa = PBXSourcesBuildPhase;
			buildActionMask = 2147483647;
			files = (
				D0E008391C59F0BE007EE9FE /* FantasyFoliosSettingsDemoTests.m in Sources */,
			);
			runOnlyForDeploymentPostprocessing = 0;
		};
		D0E0083B1C59F0BE007EE9FE /* Sources */ = {
			isa = PBXSourcesBuildPhase;
			buildActionMask = 2147483647;
			files = (
				D0E008441C59F0BE007EE9FE /* FantasyFoliosSettingsDemoUITests.m in Sources */,
			);
			runOnlyForDeploymentPostprocessing = 0;
		};
/* End PBXSourcesBuildPhase section */

/* Begin PBXTargetDependency section */
		D0E008361C59F0BE007EE9FE /* PBXTargetDependency */ = {
			isa = PBXTargetDependency;
			target = D0E0081A1C59F0BE007EE9FE /* FantasyFoliosSettingsDemo */;
			targetProxy = D0E008351C59F0BE007EE9FE /* PBXContainerItemProxy */;
		};
		D0E008411C59F0BE007EE9FE /* PBXTargetDependency */ = {
			isa = PBXTargetDependency;
			target = D0E0081A1C59F0BE007EE9FE /* FantasyFoliosSettingsDemo */;
			targetProxy = D0E008401C59F0BE007EE9FE /* PBXContainerItemProxy */;
		};
/* End PBXTargetDependency section */

/* Begin PBXVariantGroup section */
		D0E008271C59F0BE007EE9FE /* Main.storyboard */ = {
			isa = PBXVariantGroup;
			children = (
				D0E008281C59F0BE007EE9FE /* Base */,
			);
			name = Main.storyboard;
			sourceTree = "<group>";
		};
		D0E0082C1C59F0BE007EE9FE /* LaunchScreen.storyboard */ = {
			isa = PBXVariantGroup;
			children = (
				D0E0082D1C59F0BE007EE9FE /* Base */,
			);
			name = LaunchScreen.storyboard;
			sourceTree = "<group>";
		};
/* End PBXVariantGroup section */

/* Begin XCBuildConfiguration section */
		D0E008461C59F0BE007EE9FE /* Debug */ = {
			isa = XCBuildConfiguration;
			buildSettings = {
				ALWAYS_SEARCH_USER_PATHS = NO;
				CLANG_CXX_LANGUAGE_STANDARD = "gnu++0x";
				CLANG_CXX_LIBRARY = "libc++";
				CLANG_ENABLE_MODULES = YES;
				CLANG_ENABLE_OBJC_ARC = YES;
				CLANG_WARN_BOOL_CONVERSION = YES;
				CLANG_WARN_CONSTANT_CONVERSION = YES;
				CLANG_WARN_DIRECT_OBJC_ISA_USAGE = YES_ERROR;
				CLANG_WARN_EMPTY_BODY = YES;
				CLANG_WARN_ENUM_CONVERSION = YES;
				CLANG_WARN_INT_CONVERSION = YES;
				CLANG_WARN_OBJC_ROOT_CLASS = YES_ERROR;
				CLANG_WARN_UNREACHABLE_CODE = YES;
				CLANG_WARN__DUPLICATE_METHOD_MATCH = YES;
				"CODE_SIGN_IDENTITY[sdk=iphoneos*]" = "iPhone Developer";
				COPY_PHASE_STRIP = NO;
				DEBUG_INFORMATION_FORMAT = dwarf;
				ENABLE_STRICT_OBJC_MSGSEND = YES;
				ENABLE_TESTABILITY = YES;
				GCC_C_LANGUAGE_STANDARD = gnu99;
				GCC_DYNAMIC_NO_PIC = NO;
				GCC_NO_COMMON_BLOCKS = YES;
				GCC_OPTIMIZATION_LEVEL = 0;
				GCC_PREPROCESSOR_DEFINITIONS = (
					"DEBUG=1",
					"$(inherited)",
				);
				GCC_WARN_64_TO_32_BIT_CONVERSION = YES;
				GCC_WARN_ABOUT_RETURN_TYPE = YES_ERROR;
				GCC_WARN_UNDECLARED_SELECTOR = YES;
				GCC_WARN_UNINITIALIZED_AUTOS = YES_AGGRESSIVE;
				GCC_WARN_UNUSED_FUNCTION = YES;
				GCC_WARN_UNUSED_VARIABLE = YES;
				IPHONEOS_DEPLOYMENT_TARGET = 9.2;
				MTL_ENABLE_DEBUG_INFO = YES;
				ONLY_ACTIVE_ARCH = YES;
				SDKROOT = iphoneos;
			};
			name = Debug;
		};
		D0E008471C59F0BE007EE9FE /* Release */ = {
			isa = XCBuildConfiguration;
			buildSettings = {
				ALWAYS_SEARCH_USER_PATHS = NO;
				CLANG_CXX_LANGUAGE_STANDARD = "gnu++0x";
				CLANG_CXX_LIBRARY = "libc++";
				CLANG_ENABLE_MODULES = YES;
				CLANG_ENABLE_OBJC_ARC = YES;
				CLANG_WARN_BOOL_CONVERSION = YES;
				CLANG_WARN_CONSTANT_CONVERSION = YES;
				CLANG_WARN_DIRECT_OBJC_ISA_USAGE = YES_ERROR;
				CLANG_WARN_EMPTY_BODY = YES;
				CLANG_WARN_ENUM_CONVERSION = YES;
				CLANG_WARN_INT_CONVERSION = YES;
				CLANG_WARN_OBJC_ROOT_CLASS = YES_ERROR;
				CLANG_WARN_UNREACHABLE_CODE = YES;
				CLANG_WARN__DUPLICATE_METHOD_MATCH = YES;
				"CODE_SIGN_IDENTITY[sdk=iphoneos*]" = "iPhone Developer";
				COPY_PHASE_STRIP = NO;
				DEBUG_INFORMATION_FORMAT = "dwarf-with-dsym";
				ENABLE_NS_ASSERTIONS = NO;
				ENABLE_STRICT_OBJC_MSGSEND = YES;
				GCC_C_LANGUAGE_STANDARD = gnu99;
				GCC_NO_COMMON_BLOCKS = YES;
				GCC_WARN_64_TO_32_BIT_CONVERSION = YES;
				GCC_WARN_ABOUT_RETURN_TYPE = YES_ERROR;
				GCC_WARN_UNDECLARED_SELECTOR = YES;
				GCC_WARN_UNINITIALIZED_AUTOS = YES_AGGRESSIVE;
				GCC_WARN_UNUSED_FUNCTION = YES;
				GCC_WARN_UNUSED_VARIABLE = YES;
				IPHONEOS_DEPLOYMENT_TARGET = 9.2;
				MTL_ENABLE_DEBUG_INFO = NO;
				SDKROOT = iphoneos;
				VALIDATE_PRODUCT = YES;
			};
			name = Release;
		};
		D0E008491C59F0BE007EE9FE /* Debug */ = {
			isa = XCBuildConfiguration;
			buildSettings = {
				ASSETCATALOG_COMPILER_APPICON_NAME = AppIcon;
				INFOPLIST_FILE = FantasyFoliosSettingsDemo/Info.plist;
				LD_RUNPATH_SEARCH_PATHS = "$(inherited) @executable_path/Frameworks";
				PRODUCT_BUNDLE_IDENTIFIER = com.sourcebits.FantasyFoliosSettingsDemo;
				PRODUCT_NAME = "$(TARGET_NAME)";
			};
			name = Debug;
		};
		D0E0084A1C59F0BE007EE9FE /* Release */ = {
			isa = XCBuildConfiguration;
			buildSettings = {
				ASSETCATALOG_COMPILER_APPICON_NAME = AppIcon;
				INFOPLIST_FILE = FantasyFoliosSettingsDemo/Info.plist;
				LD_RUNPATH_SEARCH_PATHS = "$(inherited) @executable_path/Frameworks";
				PRODUCT_BUNDLE_IDENTIFIER = com.sourcebits.FantasyFoliosSettingsDemo;
				PRODUCT_NAME = "$(TARGET_NAME)";
			};
			name = Release;
		};
		D0E0084C1C59F0BE007EE9FE /* Debug */ = {
			isa = XCBuildConfiguration;
			buildSettings = {
				BUNDLE_LOADER = "$(TEST_HOST)";
				INFOPLIST_FILE = FantasyFoliosSettingsDemoTests/Info.plist;
				LD_RUNPATH_SEARCH_PATHS = "$(inherited) @executable_path/Frameworks @loader_path/Frameworks";
				PRODUCT_BUNDLE_IDENTIFIER = com.sourcebits.FantasyFoliosSettingsDemoTests;
				PRODUCT_NAME = "$(TARGET_NAME)";
				TEST_HOST = "$(BUILT_PRODUCTS_DIR)/FantasyFoliosSettingsDemo.app/FantasyFoliosSettingsDemo";
			};
			name = Debug;
		};
		D0E0084D1C59F0BE007EE9FE /* Release */ = {
			isa = XCBuildConfiguration;
			buildSettings = {
				BUNDLE_LOADER = "$(TEST_HOST)";
				INFOPLIST_FILE = FantasyFoliosSettingsDemoTests/Info.plist;
				LD_RUNPATH_SEARCH_PATHS = "$(inherited) @executable_path/Frameworks @loader_path/Frameworks";
				PRODUCT_BUNDLE_IDENTIFIER = com.sourcebits.FantasyFoliosSettingsDemoTests;
				PRODUCT_NAME = "$(TARGET_NAME)";
				TEST_HOST = "$(BUILT_PRODUCTS_DIR)/FantasyFoliosSettingsDemo.app/FantasyFoliosSettingsDemo";
			};
			name = Release;
		};
		D0E0084F1C59F0BE007EE9FE /* Debug */ = {
			isa = XCBuildConfiguration;
			buildSettings = {
				INFOPLIST_FILE = FantasyFoliosSettingsDemoUITests/Info.plist;
				LD_RUNPATH_SEARCH_PATHS = "$(inherited) @executable_path/Frameworks @loader_path/Frameworks";
				PRODUCT_BUNDLE_IDENTIFIER = com.sourcebits.FantasyFoliosSettingsDemoUITests;
				PRODUCT_NAME = "$(TARGET_NAME)";
				TEST_TARGET_NAME = FantasyFoliosSettingsDemo;
				USES_XCTRUNNER = YES;
			};
			name = Debug;
		};
		D0E008501C59F0BE007EE9FE /* Release */ = {
			isa = XCBuildConfiguration;
			buildSettings = {
				INFOPLIST_FILE = FantasyFoliosSettingsDemoUITests/Info.plist;
				LD_RUNPATH_SEARCH_PATHS = "$(inherited) @executable_path/Frameworks @loader_path/Frameworks";
				PRODUCT_BUNDLE_IDENTIFIER = com.sourcebits.FantasyFoliosSettingsDemoUITests;
				PRODUCT_NAME = "$(TARGET_NAME)";
				TEST_TARGET_NAME = FantasyFoliosSettingsDemo;
				USES_XCTRUNNER = YES;
			};
			name = Release;
		};
/* End XCBuildConfiguration section */

/* Begin XCConfigurationList section */
		D0E008161C59F0BE007EE9FE /* Build configuration list for PBXProject "FantasyFoliosSettingsDemo" */ = {
			isa = XCConfigurationList;
			buildConfigurations = (
				D0E008461C59F0BE007EE9FE /* Debug */,
				D0E008471C59F0BE007EE9FE /* Release */,
			);
			defaultConfigurationIsVisible = 0;
			defaultConfigurationName = Release;
		};
		D0E008481C59F0BE007EE9FE /* Build configuration list for PBXNativeTarget "FantasyFoliosSettingsDemo" */ = {
			isa = XCConfigurationList;
			buildConfigurations = (
				D0E008491C59F0BE007EE9FE /* Debug */,
				D0E0084A1C59F0BE007EE9FE /* Release */,
			);
			defaultConfigurationIsVisible = 0;
		};
		D0E0084B1C59F0BE007EE9FE /* Build configuration list for PBXNativeTarget "FantasyFoliosSettingsDemoTests" */ = {
			isa = XCConfigurationList;
			buildConfigurations = (
				D0E0084C1C59F0BE007EE9FE /* Debug */,
				D0E0084D1C59F0BE007EE9FE /* Release */,
			);
			defaultConfigurationIsVisible = 0;
		};
		D0E0084E1C59F0BE007EE9FE /* Build configuration list for PBXNativeTarget "FantasyFoliosSettingsDemoUITests" */ = {
			isa = XCConfigurationList;
			buildConfigurations = (
				D0E0084F1C59F0BE007EE9FE /* Debug */,
				D0E008501C59F0BE007EE9FE /* Release */,
			);
			defaultConfigurationIsVisible = 0;
		};
/* End XCConfigurationList section */
	};
	rootObject = D0E008131C59F0BE007EE9FE /* Project object */;
}
